
Microsoft Visual Studio Solution File, Format Version 12.00
# Visual Studio Version 17
VisualStudioVersion = 17.4.33110.190
MinimumVisualStudioVersion = 10.0.40219.1
Project("{FAE04EC0-301F-11D3-BF4B-00C04F79EFBC}") = "TCPConsole", "TCPConsole\TCPConsole.csproj", "{2858CEFE-BBA0-4F4D-8755-916EFD1866DB}"
EndProject
Project("{FAE04EC0-301F-11D3-BF4B-00C04F79EFBC}") = "TCPTestServer", "TCPTestServer\TCPTestServer.csproj", "{DF15DDD1-7D64-4B73-8DC0-329F6CA2ECDF}"
EndProject
Global
	GlobalSection(SolutionConfigurationPlatforms) = preSolution
		Debug|Any CPU = Debug|Any CPU
		Release|Any CPU = Release|Any CPU
	EndGlobalSection
	GlobalSection(ProjectConfigurationPlatforms) = postSolution
		{2858CEFE-BBA0-4F4D-8755-916EFD1866DB}.Debug|Any CPU.ActiveCfg = Debug|Any CPU
		{2858CEFE-BBA0-4F4D-8755-916EFD1866DB}.Debug|Any CPU.Build.0 = Debug|Any CPU
		{2858CEFE-BBA0-4F4D-8755-916EFD1866DB}.Release|Any CPU.ActiveCfg = Release|Any CPU
		{2858CEFE-BBA0-4F4D-8755-916EFD1866DB}.Release|Any CPU.Build.0 = Release|Any CPU
		{DF15DDD1-7D64-4B73-8DC0-329F6CA2ECDF}.Debug|Any CPU.ActiveCfg = Debug|Any CPU
		{DF15DDD1-7D64-4B73-8DC0-329F6CA2ECDF}.Debug|Any CPU.Build.0 = Debug|Any CPU
		{DF15DDD1-7D64-4B73-8DC0-329F6CA2ECDF}.Release|Any CPU.ActiveCfg = Release|Any CPU
		{DF15DDD1-7D64-4B73-8DC0-329F6CA2ECDF}.Release|Any CPU.Build.0 = Release|Any CPU
	EndGlobalSection
	GlobalSection(SolutionProperties) = preSolution
		HideSolutionNode = FALSE
	EndGlobalSection
	GlobalSection(ExtensibilityGlobals) = postSolution
		SolutionGuid = {F4CDD1CA-78CE-420C-A310-963FDE16FD41}
	EndGlobalSection
EndGlobal
